
Microsoft Visual Studio Solution File, Format Version 12.00
# Visual Studio Express 2012 for Windows Desktop
Project("{FAE04EC0-301F-11D3-BF4B-00C04F79EFBC}") = "EntidadesAbstractas", "EntidadesAbstractas\EntidadesAbstractas.csproj", "{1C5BE3FE-BEB6-4206-982F-BF476B093B82}"
EndProject
Project("{FAE04EC0-301F-11D3-BF4B-00C04F79EFBC}") = "Excepciones", "Excepciones\Excepciones.csproj", "{B25D4958-1746-4117-9F25-1FFA8E0168FD}"
EndProject
Project("{FAE04EC0-301F-11D3-BF4B-00C04F79EFBC}") = "EntidadesInstanciables", "EntidadesInstanciables\EntidadesInstanciables.csproj", "{49FE5951-D9DF-4207-801E-68A457985E49}"
EndProject
Project("{FAE04EC0-301F-11D3-BF4B-00C04F79EFBC}") = "Archivos", "Archivos\Archivos.csproj", "{935D0BC9-20BB-479B-BDCF-503B1D1B8BF5}"
EndProject
Project("{FAE04EC0-301F-11D3-BF4B-00C04F79EFBC}") = "Main", "Main\Main.csproj", "{25D57388-B84B-40B8-821E-CE2E9291CCE3}"
EndProject
Project("{FAE04EC0-301F-11D3-BF4B-00C04F79EFBC}") = "UnitTestProject1", "UnitTestProject1\UnitTestProject1.csproj", "{483FBB5F-F3D5-4449-8940-220842ADFD39}"
EndProject
Global
	GlobalSection(SolutionConfigurationPlatforms) = preSolution
		Debug|Any CPU = Debug|Any CPU
		Release|Any CPU = Release|Any CPU
	EndGlobalSection
	GlobalSection(ProjectConfigurationPlatforms) = postSolution
		{1C5BE3FE-BEB6-4206-982F-BF476B093B82}.Debug|Any CPU.ActiveCfg = Debug|Any CPU
		{1C5BE3FE-BEB6-4206-982F-BF476B093B82}.Debug|Any CPU.Build.0 = Debug|Any CPU
		{1C5BE3FE-BEB6-4206-982F-BF476B093B82}.Release|Any CPU.ActiveCfg = Release|Any CPU
		{1C5BE3FE-BEB6-4206-982F-BF476B093B82}.Release|Any CPU.Build.0 = Release|Any CPU
		{B25D4958-1746-4117-9F25-1FFA8E0168FD}.Debug|Any CPU.ActiveCfg = Debug|Any CPU
		{B25D4958-1746-4117-9F25-1FFA8E0168FD}.Debug|Any CPU.Build.0 = Debug|Any CPU
		{B25D4958-1746-4117-9F25-1FFA8E0168FD}.Release|Any CPU.ActiveCfg = Release|Any CPU
		{B25D4958-1746-4117-9F25-1FFA8E0168FD}.Release|Any CPU.Build.0 = Release|Any CPU
		{49FE5951-D9DF-4207-801E-68A457985E49}.Debug|Any CPU.ActiveCfg = Debug|Any CPU
		{49FE5951-D9DF-4207-801E-68A457985E49}.Debug|Any CPU.Build.0 = Debug|Any CPU
		{49FE5951-D9DF-4207-801E-68A457985E49}.Release|Any CPU.ActiveCfg = Release|Any CPU
		{49FE5951-D9DF-4207-801E-68A457985E49}.Release|Any CPU.Build.0 = Release|Any CPU
		{935D0BC9-20BB-479B-BDCF-503B1D1B8BF5}.Debug|Any CPU.ActiveCfg = Debug|Any CPU
		{935D0BC9-20BB-479B-BDCF-503B1D1B8BF5}.Debug|Any CPU.Build.0 = Debug|Any CPU
		{935D0BC9-20BB-479B-BDCF-503B1D1B8BF5}.Release|Any CPU.ActiveCfg = Release|Any CPU
		{935D0BC9-20BB-479B-BDCF-503B1D1B8BF5}.Release|Any CPU.Build.0 = Release|Any CPU
		{25D57388-B84B-40B8-821E-CE2E9291CCE3}.Debug|Any CPU.ActiveCfg = Debug|Any CPU
		{25D57388-B84B-40B8-821E-CE2E9291CCE3}.Debug|Any CPU.Build.0 = Debug|Any CPU
		{25D57388-B84B-40B8-821E-CE2E9291CCE3}.Release|Any CPU.ActiveCfg = Release|Any CPU
		{25D57388-B84B-40B8-821E-CE2E9291CCE3}.Release|Any CPU.Build.0 = Release|Any CPU
		{483FBB5F-F3D5-4449-8940-220842ADFD39}.Debug|Any CPU.ActiveCfg = Debug|Any CPU
		{483FBB5F-F3D5-4449-8940-220842ADFD39}.Debug|Any CPU.Build.0 = Debug|Any CPU
		{483FBB5F-F3D5-4449-8940-220842ADFD39}.Release|Any CPU.ActiveCfg = Release|Any CPU
		{483FBB5F-F3D5-4449-8940-220842ADFD39}.Release|Any CPU.Build.0 = Release|Any CPU
	EndGlobalSection
	GlobalSection(SolutionProperties) = preSolution
		HideSolutionNode = FALSE
	EndGlobalSection
EndGlobal
